// !$*UTF8*$!
{
	archiveVersion = 1;
	classes = {
	};
	objectVersion = 55;
	objects = {

/* Begin PBXBuildFile section */
		D0359F2E27864BE2003A805A /* Note.swift in Sources */ = {isa = PBXBuildFile; fileRef = D0359F2D27864BE2003A805A /* Note.swift */; };
		D0359F3027865773003A805A /* Main.swift in Sources */ = {isa = PBXBuildFile; fileRef = D0359F2F27865773003A805A /* Main.swift */; };
		D03EFA8327845F3100C79D80 /* WideCell.swift in Sources */ = {isa = PBXBuildFile; fileRef = D03EFA8227845F3100C79D80 /* WideCell.swift */; };
		D04DDA3C27851D8D00AA2DF4 /* NarrowCellModel.swift in Sources */ = {isa = PBXBuildFile; fileRef = D04DDA3B27851D8D00AA2DF4 /* NarrowCellModel.swift */; };
		D04DDA3E27851DB600AA2DF4 /* WideCellModel.swift in Sources */ = {isa = PBXBuildFile; fileRef = D04DDA3D27851DB600AA2DF4 /* WideCellModel.swift */; };
		D04DDA412785303900AA2DF4 /* Color.swift in Sources */ = {isa = PBXBuildFile; fileRef = D04DDA402785303900AA2DF4 /* Color.swift */; };
		D04DDA432785311C00AA2DF4 /* FoldersView.swift in Sources */ = {isa = PBXBuildFile; fileRef = D04DDA422785311C00AA2DF4 /* FoldersView.swift */; };
		D05D87E72784369600928F62 /* NotesApp.swift in Sources */ = {isa = PBXBuildFile; fileRef = D05D87E62784369600928F62 /* NotesApp.swift */; };
		D05D87E92784369600928F62 /* ContentView.swift in Sources */ = {isa = PBXBuildFile; fileRef = D05D87E82784369600928F62 /* ContentView.swift */; };
		D05D87EB2784369700928F62 /* Assets.xcassets in Resources */ = {isa = PBXBuildFile; fileRef = D05D87EA2784369700928F62 /* Assets.xcassets */; };
		D05D87EE2784369700928F62 /* Preview Assets.xcassets in Resources */ = {isa = PBXBuildFile; fileRef = D05D87ED2784369700928F62 /* Preview Assets.xcassets */; };
		D05D87F927843A4000928F62 /* NarrowCell.swift in Sources */ = {isa = PBXBuildFile; fileRef = D05D87F827843A4000928F62 /* NarrowCell.swift */; };
/* End PBXBuildFile section */

/* Begin PBXFileReference section */
		D0359F2D27864BE2003A805A /* Note.swift */ = {isa = PBXFileReference; lastKnownFileType = sourcecode.swift; path = Note.swift; sourceTree = "<group>"; };
		D0359F2F27865773003A805A /* Main.swift */ = {isa = PBXFileReference; lastKnownFileType = sourcecode.swift; path = Main.swift; sourceTree = "<group>"; };
		D03EFA8227845F3100C79D80 /* WideCell.swift */ = {isa = PBXFileReference; lastKnownFileType = sourcecode.swift; path = WideCell.swift; sourceTree = "<group>"; };
		D04DDA3B27851D8D00AA2DF4 /* NarrowCellModel.swift */ = {isa = PBXFileReference; lastKnownFileType = sourcecode.swift; path = NarrowCellModel.swift; sourceTree = "<group>"; };
		D04DDA3D27851DB600AA2DF4 /* WideCellModel.swift */ = {isa = PBXFileReference; lastKnownFileType = sourcecode.swift; path = WideCellModel.swift; sourceTree = "<group>"; };
		D04DDA402785303900AA2DF4 /* Color.swift */ = {isa = PBXFileReference; lastKnownFileType = sourcecode.swift; path = Color.swift; sourceTree = "<group>"; };
		D04DDA422785311C00AA2DF4 /* FoldersView.swift */ = {isa = PBXFileReference; lastKnownFileType = sourcecode.swift; path = FoldersView.swift; sourceTree = "<group>"; };
		D05D87E32784369600928F62 /* Notes.app */ = {isa = PBXFileReference; explicitFileType = wrapper.application; includeInIndex = 0; path = Notes.app; sourceTree = BUILT_PRODUCTS_DIR; };
		D05D87E62784369600928F62 /* NotesApp.swift */ = {isa = PBXFileReference; lastKnownFileType = sourcecode.swift; path = NotesApp.swift; sourceTree = "<group>"; };
		D05D87E82784369600928F62 /* ContentView.swift */ = {isa = PBXFileReference; lastKnownFileType = sourcecode.swift; path = ContentView.swift; sourceTree = "<group>"; };
		D05D87EA2784369700928F62 /* Assets.xcassets */ = {isa = PBXFileReference; lastKnownFileType = folder.assetcatalog; path = Assets.xcassets; sourceTree = "<group>"; };
		D05D87ED2784369700928F62 /* Preview Assets.xcassets */ = {isa = PBXFileReference; lastKnownFileType = folder.assetcatalog; path = "Preview Assets.xcassets"; sourceTree = "<group>"; };
		D05D87F827843A4000928F62 /* NarrowCell.swift */ = {isa = PBXFileReference; lastKnownFileType = sourcecode.swift; path = NarrowCell.swift; sourceTree = "<group>"; };
/* End PBXFileReference section */

/* Begin PBXFrameworksBuildPhase section */
		D05D87E02784369600928F62 /* Frameworks */ = {
			isa = PBXFrameworksBuildPhase;
			buildActionMask = 2147483647;
			files = (
			);
			runOnlyForDeploymentPostprocessing = 0;
		};
/* End PBXFrameworksBuildPhase section */

/* Begin PBXGroup section */
		D0359F3127865DC7003A805A /* Views */ = {
			isa = PBXGroup;
			children = (
				D05D87E82784369600928F62 /* ContentView.swift */,
				D0359F2F27865773003A805A /* Main.swift */,
				D04DDA422785311C00AA2DF4 /* FoldersView.swift */,
			);
			path = Views;
			sourceTree = "<group>";
		};
		D04DDA3927851D5B00AA2DF4 /* Views */ = {
			isa = PBXGroup;
			children = (
				D05D87F827843A4000928F62 /* NarrowCell.swift */,
				D03EFA8227845F3100C79D80 /* WideCell.swift */,
			);
			path = Views;
			sourceTree = "<group>";
		};
		D04DDA3A27851D6600AA2DF4 /* Data */ = {
			isa = PBXGroup;
			children = (
				D04DDA3B27851D8D00AA2DF4 /* NarrowCellModel.swift */,
				D04DDA3D27851DB600AA2DF4 /* WideCellModel.swift */,
				D0359F2D27864BE2003A805A /* Note.swift */,
			);
			path = Data;
			sourceTree = "<group>";
		};
		D04DDA3F2785302A00AA2DF4 /* Extensions */ = {
			isa = PBXGroup;
			children = (
				D04DDA402785303900AA2DF4 /* Color.swift */,
			);
			path = Extensions;
			sourceTree = "<group>";
		};
		D05D87DA2784369600928F62 = {
			isa = PBXGroup;
			children = (
				D05D87E52784369600928F62 /* Notes */,
				D05D87E42784369600928F62 /* Products */,
			);
			sourceTree = "<group>";
		};
		D05D87E42784369600928F62 /* Products */ = {
			isa = PBXGroup;
			children = (
				D05D87E32784369600928F62 /* Notes.app */,
			);
			name = Products;
			sourceTree = "<group>";
		};
		D05D87E52784369600928F62 /* Notes */ = {
			isa = PBXGroup;
			children = (
				D0359F3127865DC7003A805A /* Views */,
				D04DDA3F2785302A00AA2DF4 /* Extensions */,
				D05D87F4278436FE00928F62 /* Components */,
				D05D87E62784369600928F62 /* NotesApp.swift */,
				D05D87EA2784369700928F62 /* Assets.xcassets */,
				D05D87EC2784369700928F62 /* Preview Content */,
			);
			path = Notes;
			sourceTree = "<group>";
		};
		D05D87EC2784369700928F62 /* Preview Content */ = {
			isa = PBXGroup;
			children = (
				D05D87ED2784369700928F62 /* Preview Assets.xcassets */,
			);
			path = "Preview Content";
			sourceTree = "<group>";
		};
		D05D87F4278436FE00928F62 /* Components */ = {
			isa = PBXGroup;
			children = (
				D05D87F52784370500928F62 /* Cells */,
			);
			path = Components;
			sourceTree = "<group>";
		};
		D05D87F52784370500928F62 /* Cells */ = {
			isa = PBXGroup;
			children = (
				D04DDA3A27851D6600AA2DF4 /* Data */,
				D04DDA3927851D5B00AA2DF4 /* Views */,
			);
			path = Cells;
			sourceTree = "<group>";
		};
/* End PBXGroup section */

/* Begin PBXNativeTarget section */
		D05D87E22784369600928F62 /* Notes */ = {
			isa = PBXNativeTarget;
			buildConfigurationList = D05D87F12784369700928F62 /* Build configuration list for PBXNativeTarget "Notes" */;
			buildPhases = (
				D05D87DF2784369600928F62 /* Sources */,
				D05D87E02784369600928F62 /* Frameworks */,
				D05D87E12784369600928F62 /* Resources */,
			);
			buildRules = (
			);
			dependencies = (
			);
			name = Notes;
			productName = Notes;
			productReference = D05D87E32784369600928F62 /* Notes.app */;
			productType = "com.apple.product-type.application";
		};
/* End PBXNativeTarget section */

/* Begin PBXProject section */
		D05D87DB2784369600928F62 /* Project object */ = {
			isa = PBXProject;
			attributes = {
				BuildIndependentTargetsInParallel = 1;
				LastSwiftUpdateCheck = 1320;
				LastUpgradeCheck = 1320;
				TargetAttributes = {
					D05D87E22784369600928F62 = {
						CreatedOnToolsVersion = 13.2.1;
					};
				};
			};
			buildConfigurationList = D05D87DE2784369600928F62 /* Build configuration list for PBXProject "Notes" */;
			compatibilityVersion = "Xcode 13.0";
			developmentRegion = en;
			hasScannedForEncodings = 0;
			knownRegions = (
				en,
				Base,
			);
			mainGroup = D05D87DA2784369600928F62;
			productRefGroup = D05D87E42784369600928F62 /* Products */;
			projectDirPath = "";
			projectRoot = "";
			targets = (
				D05D87E22784369600928F62 /* Notes */,
			);
		};
/* End PBXProject section */

/* Begin PBXResourcesBuildPhase section */
		D05D87E12784369600928F62 /* Resources */ = {
			isa = PBXResourcesBuildPhase;
			buildActionMask = 2147483647;
			files = (
				D05D87EE2784369700928F62 /* Preview Assets.xcassets in Resources */,
				D05D87EB2784369700928F62 /* Assets.xcassets in Resources */,
			);
			runOnlyForDeploymentPostprocessing = 0;
		};
/* End PBXResourcesBuildPhase section */

/* Begin PBXSourcesBuildPhase section */
		D05D87DF2784369600928F62 /* Sources */ = {
			isa = PBXSourcesBuildPhase;
			buildActionMask = 2147483647;
			files = (
				D04DDA3E27851DB600AA2DF4 /* WideCellModel.swift in Sources */,
				D05D87F927843A4000928F62 /* NarrowCell.swift in Sources */,
				D0359F3027865773003A805A /* Main.swift in Sources */,
				D04DDA412785303900AA2DF4 /* Color.swift in Sources */,
				D04DDA3C27851D8D00AA2DF4 /* NarrowCellModel.swift in Sources */,
				D05D87E92784369600928F62 /* ContentView.swift in Sources */,
				D0359F2E27864BE2003A805A /* Note.swift in Sources */,
				D03EFA8327845F3100C79D80 /* WideCell.swift in Sources */,
				D04DDA432785311C00AA2DF4 /* FoldersView.swift in Sources */,
				D05D87E72784369600928F62 /* NotesApp.swift in Sources */,
			);
			runOnlyForDeploymentPostprocessing = 0;
		};
/* End PBXSourcesBuildPhase section */

/* Begin XCBuildConfiguration section */
		D05D87EF2784369700928F62 /* Debug */ = {
			isa = XCBuildConfiguration;
			buildSettings = {
				ALWAYS_SEARCH_USER_PATHS = NO;
				CLANG_ANALYZER_NONNULL = YES;
				CLANG_ANALYZER_NUMBER_OBJECT_CONVERSION = YES_AGGRESSIVE;
				CLANG_CXX_LANGUAGE_STANDARD = "gnu++17";
				CLANG_CXX_LIBRARY = "libc++";
				CLANG_ENABLE_MODULES = YES;
				CLANG_ENABLE_OBJC_ARC = YES;
				CLANG_ENABLE_OBJC_WEAK = YES;
				CLANG_WARN_BLOCK_CAPTURE_AUTORELEASING = YES;
				CLANG_WARN_BOOL_CONVERSION = YES;
				CLANG_WARN_COMMA = YES;
				CLANG_WARN_CONSTANT_CONVERSION = YES;
				CLANG_WARN_DEPRECATED_OBJC_IMPLEMENTATIONS = YES;
				CLANG_WARN_DIRECT_OBJC_ISA_USAGE = YES_ERROR;
				CLANG_WARN_DOCUMENTATION_COMMENTS = YES;
				CLANG_WARN_EMPTY_BODY = YES;
				CLANG_WARN_ENUM_CONVERSION = YES;
				CLANG_WARN_INFINITE_RECURSION = YES;
				CLANG_WARN_INT_CONVERSION = YES;
				CLANG_WARN_NON_LITERAL_NULL_CONVERSION = YES;
				CLANG_WARN_OBJC_IMPLICIT_RETAIN_SELF = YES;
				CLANG_WARN_OBJC_LITERAL_CONVERSION = YES;
				CLANG_WARN_OBJC_ROOT_CLASS = YES_ERROR;
				CLANG_WARN_QUOTED_INCLUDE_IN_FRAMEWORK_HEADER = YES;
				CLANG_WARN_RANGE_LOOP_ANALYSIS = YES;
				CLANG_WARN_STRICT_PROTOTYPES = YES;
				CLANG_WARN_SUSPICIOUS_MOVE = YES;
				CLANG_WARN_UNGUARDED_AVAILABILITY = YES_AGGRESSIVE;
				CLANG_WARN_UNREACHABLE_CODE = YES;
				CLANG_WARN__DUPLICATE_METHOD_MATCH = YES;
				COPY_PHASE_STRIP = NO;
				DEBUG_INFORMATION_FORMAT = dwarf;
				ENABLE_STRICT_OBJC_MSGSEND = YES;
				ENABLE_TESTABILITY = YES;
				GCC_C_LANGUAGE_STANDARD = gnu11;
				GCC_DYNAMIC_NO_PIC = NO;
				GCC_NO_COMMON_BLOCKS = YES;
				GCC_OPTIMIZATION_LEVEL = 0;
				GCC_PREPROCESSOR_DEFINITIONS = (
					"DEBUG=1",
					"$(inherited)",
				);
				GCC_WARN_64_TO_32_BIT_CONVERSION = YES;
				GCC_WARN_ABOUT_RETURN_TYPE = YES_ERROR;
				GCC_WARN_UNDECLARED_SELECTOR = YES;
				GCC_WARN_UNINITIALIZED_AUTOS = YES_AGGRESSIVE;
				GCC_WARN_UNUSED_FUNCTION = YES;
				GCC_WARN_UNUSED_VARIABLE = YES;
				IPHONEOS_DEPLOYMENT_TARGET = 15.2;
				MTL_ENABLE_DEBUG_INFO = INCLUDE_SOURCE;
				MTL_FAST_MATH = YES;
				ONLY_ACTIVE_ARCH = YES;
				SDKROOT = iphoneos;
				SWIFT_ACTIVE_COMPILATION_CONDITIONS = DEBUG;
				SWIFT_OPTIMIZATION_LEVEL = "-Onone";
			};
			name = Debug;
		};
		D05D87F02784369700928F62 /* Release */ = {
			isa = XCBuildConfiguration;
			buildSettings = {
				ALWAYS_SEARCH_USER_PATHS = NO;
				CLANG_ANALYZER_NONNULL = YES;
				CLANG_ANALYZER_NUMBER_OBJECT_CONVERSION = YES_AGGRESSIVE;
				CLANG_CXX_LANGUAGE_STANDARD = "gnu++17";
				CLANG_CXX_LIBRARY = "libc++";
				CLANG_ENABLE_MODULES = YES;
				CLANG_ENABLE_OBJC_ARC = YES;
				CLANG_ENABLE_OBJC_WEAK = YES;
				CLANG_WARN_BLOCK_CAPTURE_AUTORELEASING = YES;
				CLANG_WARN_BOOL_CONVERSION = YES;
				CLANG_WARN_COMMA = YES;
				CLANG_WARN_CONSTANT_CONVERSION = YES;
				CLANG_WARN_DEPRECATED_OBJC_IMPLEMENTATIONS = YES;
				CLANG_WARN_DIRECT_OBJC_ISA_USAGE = YES_ERROR;
				CLANG_WARN_DOCUMENTATION_COMMENTS = YES;
				CLANG_WARN_EMPTY_BODY = YES;
				CLANG_WARN_ENUM_CONVERSION = YES;
				CLANG_WARN_INFINITE_RECURSION = YES;
				CLANG_WARN_INT_CONVERSION = YES;
				CLANG_WARN_NON_LITERAL_NULL_CONVERSION = YES;
				CLANG_WARN_OBJC_IMPLICIT_RETAIN_SELF = YES;
				CLANG_WARN_OBJC_LITERAL_CONVERSION = YES;
				CLANG_WARN_OBJC_ROOT_CLASS = YES_ERROR;
				CLANG_WARN_QUOTED_INCLUDE_IN_FRAMEWORK_HEADER = YES;
				CLANG_WARN_RANGE_LOOP_ANALYSIS = YES;
				CLANG_WARN_STRICT_PROTOTYPES = YES;
				CLANG_WARN_SUSPICIOUS_MOVE = YES;
				CLANG_WARN_UNGUARDED_AVAILABILITY = YES_AGGRESSIVE;
				CLANG_WARN_UNREACHABLE_CODE = YES;
				CLANG_WARN__DUPLICATE_METHOD_MATCH = YES;
				COPY_PHASE_STRIP = NO;
				DEBUG_INFORMATION_FORMAT = "dwarf-with-dsym";
				ENABLE_NS_ASSERTIONS = NO;
				ENABLE_STRICT_OBJC_MSGSEND = YES;
				GCC_C_LANGUAGE_STANDARD = gnu11;
				GCC_NO_COMMON_BLOCKS = YES;
				GCC_WARN_64_TO_32_BIT_CONVERSION = YES;
				GCC_WARN_ABOUT_RETURN_TYPE = YES_ERROR;
				GCC_WARN_UNDECLARED_SELECTOR = YES;
				GCC_WARN_UNINITIALIZED_AUTOS = YES_AGGRESSIVE;
				GCC_WARN_UNUSED_FUNCTION = YES;
				GCC_WARN_UNUSED_VARIABLE = YES;
				IPHONEOS_DEPLOYMENT_TARGET = 15.2;
				MTL_ENABLE_DEBUG_INFO = NO;
				MTL_FAST_MATH = YES;
				SDKROOT = iphoneos;
				SWIFT_COMPILATION_MODE = wholemodule;
				SWIFT_OPTIMIZATION_LEVEL = "-O";
				VALIDATE_PRODUCT = YES;
			};
			name = Release;
		};
		D05D87F22784369700928F62 /* Debug */ = {
			isa = XCBuildConfiguration;
			buildSettings = {
				ASSETCATALOG_COMPILER_APPICON_NAME = AppIcon;
				ASSETCATALOG_COMPILER_GLOBAL_ACCENT_COLOR_NAME = AccentColor;
				CODE_SIGN_STYLE = Automatic;
				CURRENT_PROJECT_VERSION = 1;
				DEVELOPMENT_ASSET_PATHS = "\"Notes/Preview Content\"";
				ENABLE_PREVIEWS = YES;
				GENERATE_INFOPLIST_FILE = YES;
				INFOPLIST_KEY_UIApplicationSceneManifest_Generation = YES;
				INFOPLIST_KEY_UIApplicationSupportsIndirectInputEvents = YES;
				INFOPLIST_KEY_UILaunchScreen_Generation = YES;
				INFOPLIST_KEY_UISupportedInterfaceOrientations_iPad = "UIInterfaceOrientationPortrait UIInterfaceOrientationPortraitUpsideDown UIInterfaceOrientationLandscapeLeft UIInterfaceOrientationLandscapeRight";
				INFOPLIST_KEY_UISupportedInterfaceOrientations_iPhone = "UIInterfaceOrientationPortrait UIInterfaceOrientationLandscapeLeft UIInterfaceOrientationLandscapeRight";
				LD_RUNPATH_SEARCH_PATHS = (
					"$(inherited)",
					"@executable_path/Frameworks",
				);
				MARKETING_VERSION = 1.0;
				PRODUCT_BUNDLE_IDENTIFIER = com.justinchester.Notes;
				PRODUCT_NAME = "$(TARGET_NAME)";
				SWIFT_EMIT_LOC_STRINGS = YES;
				SWIFT_VERSION = 5.0;
				TARGETED_DEVICE_FAMILY = "1,2";
			};
			name = Debug;
		};
		D05D87F32784369700928F62 /* Release */ = {
			isa = XCBuildConfiguration;
			buildSettings = {
				ASSETCATALOG_COMPILER_APPICON_NAME = AppIcon;
				ASSETCATALOG_COMPILER_GLOBAL_ACCENT_COLOR_NAME = AccentColor;
				CODE_SIGN_STYLE = Automatic;
				CURRENT_PROJECT_VERSION = 1;
				DEVELOPMENT_ASSET_PATHS = "\"Notes/Preview Content\"";
				ENABLE_PREVIEWS = YES;
				GENERATE_INFOPLIST_FILE = YES;
				INFOPLIST_KEY_UIApplicationSceneManifest_Generation = YES;
				INFOPLIST_KEY_UIApplicationSupportsIndirectInputEvents = YES;
				INFOPLIST_KEY_UILaunchScreen_Generation = YES;
				INFOPLIST_KEY_UISupportedInterfaceOrientations_iPad = "UIInterfaceOrientationPortrait UIInterfaceOrientationPortraitUpsideDown UIInterfaceOrientationLandscapeLeft UIInterfaceOrientationLandscapeRight";
				INFOPLIST_KEY_UISupportedInterfaceOrientations_iPhone = "UIInterfaceOrientationPortrait UIInterfaceOrientationLandscapeLeft UIInterfaceOrientationLandscapeRight";
				LD_RUNPATH_SEARCH_PATHS = (
					"$(inherited)",
					"@executable_path/Frameworks",
				);
				MARKETING_VERSION = 1.0;
				PRODUCT_BUNDLE_IDENTIFIER = com.justinchester.Notes;
				PRODUCT_NAME = "$(TARGET_NAME)";
				SWIFT_EMIT_LOC_STRINGS = YES;
				SWIFT_VERSION = 5.0;
				TARGETED_DEVICE_FAMILY = "1,2";
			};
			name = Release;
		};
/* End XCBuildConfiguration section */

/* Begin XCConfigurationList section */
		D05D87DE2784369600928F62 /* Build configuration list for PBXProject "Notes" */ = {
			isa = XCConfigurationList;
			buildConfigurations = (
				D05D87EF2784369700928F62 /* Debug */,
				D05D87F02784369700928F62 /* Release */,
			);
			defaultConfigurationIsVisible = 0;
			defaultConfigurationName = Release;
		};
		D05D87F12784369700928F62 /* Build configuration list for PBXNativeTarget "Notes" */ = {
			isa = XCConfigurationList;
			buildConfigurations = (
				D05D87F22784369700928F62 /* Debug */,
				D05D87F32784369700928F62 /* Release */,
			);
			defaultConfigurationIsVisible = 0;
			defaultConfigurationName = Release;
		};
/* End XCConfigurationList section */
	};
	rootObject = D05D87DB2784369600928F62 /* Project object */;
}
